<?xml version="1.0" encoding="utf-8"?>
<Project ToolsVersion="4.0" xmlns="http://schemas.microsoft.com/developer/msbuild/2003">
  <ItemGroup>
    <Filter Include="Translation Files">
      <UniqueIdentifier>{639EADAA-A684-42e4-A9AD-28FC9BCB8F7C}</UniqueIdentifier>
      <Extensions>ts</Extensions>
    </Filter>
  </ItemGroup>
  <ItemGroup>
    <ClCompile Include="main.cpp" />
    <ClCompile Include="dialog.cpp" />
    <ClCompile Include="video.cpp" />
    <ClCompile Include="zxvideo.cpp" />
  </ItemGroup>
  <ItemGroup>
    <QtMoc Include="dial.h" />
    <QtMoc Include="dialog.h" />
    <QtMoc Include="widgetstreambuffer.h" />
    <QtMoc Include="lineedit.h" />
    <QtMoc Include="video.h" />
    <QtMoc Include="zxvideo.h" />
  </ItemGroup>
  <ItemGroup>
    <ResourceCompile Include="..\resource\zqloader.rc" />
  </ItemGroup>
  <ItemGroup>
    <QtRcc Include="..\resource\zqloader.qrc" />
  </ItemGroup>
  <ItemGroup>
    <QtUic Include="dialog.ui" />
  </ItemGroup>
</Project>