
Microsoft Visual Studio Solution File, Format Version 12.00
# Visual Studio Version 16
VisualStudioVersion = 16.0.32802.440
MinimumVisualStudioVersion = 10.0.40219.1
Project("{8BC9CEB8-8B4A-11D0-8D11-00A0C91BC942}") = "zqloader", "zqloader.vcxproj", "{03FF5471-A305-447A-9895-DF7A14D7775F}"
EndProject
Project("{54435603-DBB4-11D2-8724-00A0C9A8B90C}") = "zqloader_installer", "zqloader_installer\zqloader_installer.vdproj", "{F857A3A6-3474-4A12-B924-2912F6E0EAAB}"
EndProject
Global
	GlobalSection(SolutionConfigurationPlatforms) = preSolution
		Debug|x64 = Debug|x64
		Release|x64 = Release|x64
	EndGlobalSection
	GlobalSection(ProjectConfigurationPlatforms) = postSolution
		{03FF5471-A305-447A-9895-DF7A14D7775F}.Debug|x64.ActiveCfg = Debug|x64
		{03FF5471-A305-447A-9895-DF7A14D7775F}.Debug|x64.Build.0 = Debug|x64
		{03FF5471-A305-447A-9895-DF7A14D7775F}.Release|x64.ActiveCfg = Release|x64
		{03FF5471-A305-447A-9895-DF7A14D7775F}.Release|x64.Build.0 = Release|x64
		{F857A3A6-3474-4A12-B924-2912F6E0EAAB}.Debug|x64.ActiveCfg = Debug
		{F857A3A6-3474-4A12-B924-2912F6E0EAAB}.Release|x64.ActiveCfg = Release
	EndGlobalSection
	GlobalSection(SolutionProperties) = preSolution
		HideSolutionNode = FALSE
	EndGlobalSection
	GlobalSection(ExtensibilityGlobals) = postSolution
		SolutionGuid = {5DF651FA-D171-4D67-BEDE-74E8B099DAA8}
	EndGlobalSection
EndGlobal
